
Microsoft Visual Studio Solution File, Format Version 12.00
# Visual Studio Version 17
VisualStudioVersion = 17.13.35806.99 d17.13
MinimumVisualStudioVersion = 10.0.40219.1
Project("{FAE04EC0-301F-11D3-BF4B-00C04F79EFBC}") = "CalculadoraAppTec", "CalculadoraAppTec.csproj", "{EDDD466C-8966-4919-99AF-8EC8AECEC4BC}"
EndProject
Global
	GlobalSection(SolutionConfigurationPlatforms) = preSolution
		Debug|Any CPU = Debug|Any CPU
		Release|Any CPU = Release|Any CPU
	EndGlobalSection
	GlobalSection(ProjectConfigurationPlatforms) = postSolution
		{EDDD466C-8966-4919-99AF-8EC8AECEC4BC}.Debug|Any CPU.ActiveCfg = Debug|Any CPU
		{EDDD466C-8966-4919-99AF-8EC8AECEC4BC}.Debug|Any CPU.Build.0 = Debug|Any CPU
		{EDDD466C-8966-4919-99AF-8EC8AECEC4BC}.Release|Any CPU.ActiveCfg = Release|Any CPU
		{EDDD466C-8966-4919-99AF-8EC8AECEC4BC}.Release|Any CPU.Build.0 = Release|Any CPU
	EndGlobalSection
	GlobalSection(SolutionProperties) = preSolution
		HideSolutionNode = FALSE
	EndGlobalSection
	GlobalSection(ExtensibilityGlobals) = postSolution
		SolutionGuid = {C8FBCA7F-4FC3-4DAF-B7A4-691AE66E5EA9}
	EndGlobalSection
EndGlobal
